{"version":4,"terraform_version":"1.9.0","serial":5,"lineage":"d3995e8b-f56c-16a7-8729-4a84464dee9e","outputs":{"aws_account_id":{"value":"891377357651","type":"string"},"az_id":{"value":"use1-az1","type":"string"},"base_ami_id":{"value":"ami-071e80e19cf59c0e8","type":"string"},"igw_id":{"value":"igw-03176f58cb634a5d2","type":"string"},"ipv6_cidr_block":{"value":"2600:1f18:5899:9700::/56","type":"string"},"private_subnet_id":{"value":"subnet-0260fc6a92428bc49","type":"string"},"provider":{"value":"aws","type":"string"},"public_route_table_id":{"value":"rtb-097749bcf45583218","type":"string"},"public_subnet_id":{"value":"subnet-03f30ded31f147f02","type":"string"},"redis_cluster_endpoint":{"value":"master.rg-us-east-1-s1.fk7gji.use1.cache.amazonaws.com","type":"string"},"redis_cluster_id":{"value":"rg-us-east-1-s1","type":"string"},"redis_cluster_password_key":{"value":"redis/password/us-east-1/s1/2spPI","type":"string"},"redis_cluster_port":{"value":6379,"type":"number"},"redis_cluster_security_group_ids":{"value":["sg-0eed710b0a3f64598"],"type":["tuple",["string"]]},"redis_cluster_user":{"value":"LS1ogb2s","type":"string"},"region":{"value":"us-east-1","type":"string"},"shard":{"value":"s1","type":"string"},"sns_topic_arn":{"value":"arn:aws:sns:us-east-1:891377357651:s1-sns-events","type":"string"},"vpc_id":{"value":"vpc-05399b793bd112166","type":"string"},"workload_sns_topic_arn":{"value":"arn:aws:sns:us-east-1:891377357651:s1-sns-events","type":"string"},"workload_vpc_cidr_block":{"value":"10.1.0.0/16","type":"string"},"workload_vpc_id":{"value":"vpc-05399b793bd112166","type":"string"},"workload_vpc_ipv6_cidr_block":{"value":"2600:1f18:5899:9700::/56","type":"string"},"workload_vpc_private_subnet_cidr":{"value":"10.1.0.0/24","type":"string"},"workload_vpc_public_subnet_cidr":{"value":"10.1.1.0/24","type":"string"}},"resources":[{"mode":"data","type":"aws_caller_identity","name":"current","provider":"provider[\"registry.opentofu.org/hashicorp/aws\"]","instances":[{"schema_version":0,"attributes":{"account_id":"891377357651","arn":"arn:aws:sts::891377357651:assumed-role/AWSReservedSSO_PowerUserAccess_9db306a4d4bfe18a/jeffrey@springtail.io","id":"891377357651","user_id":"AROA47CR3CNJZ45H2T676:jeffrey@springtail.io"},"sensitive_attributes":[]}]},{"mode":"data","type":"aws_region","name":"current","provider":"provider[\"registry.opentofu.org/hashicorp/aws\"]","instances":[{"schema_version":0,"attributes":{"description":"US East (N. Virginia)","endpoint":"ec2.us-east-1.amazonaws.com","id":"us-east-1","name":"us-east-1","region":"us-east-1"},"sensitive_attributes":[]}]},{"mode":"managed","type":"aws_eip","name":"nat_eip","provider":"provider[\"registry.opentofu.org/hashicorp/aws\"]","instances":[{"schema_version":0,"attributes":{"address":null,"allocation_id":"eipalloc-0948f9634eb593a2c","arn":"arn:aws:ec2:us-east-1:891377357651:elastic-ip/eipalloc-0948f9634eb593a2c","associate_with_private_ip":null,"association_id":"eipassoc-06c5b02c7e967ec7f","carrier_ip":"","customer_owned_ip":"","customer_owned_ipv4_pool":"","domain":"vpc","id":"eipalloc-0948f9634eb593a2c","instance":"","ipam_pool_id":null,"network_border_group":"us-east-1","network_interface":"eni-08b1f2a1327b42ab3","private_dns":"ip-10-1-1-186.ec2.internal","private_ip":"10.1.1.186","ptr_record":"","public_dns":"ec2-100-30-151-141.compute-1.amazonaws.com","public_ip":"100.30.151.141","public_ipv4_pool":"amazon","region":"us-east-1","tags":{"AZID":"use1-az1","Name":"s1-nat-eip"},"tags_all":{"AZID":"use1-az1","Name":"s1-nat-eip"},"timeouts":null},"sensitive_attributes":[],"private":"eyJlMmJmYjczMC1lY2FhLTExZTYtOGY4OC0zNDM2M2JjN2M0YzAiOnsiZGVsZXRlIjoxODAwMDAwMDAwMDAsInJlYWQiOjkwMDAwMDAwMDAwMCwidXBkYXRlIjozMDAwMDAwMDAwMDB9fQ=="}]},{"mode":"managed","type":"aws_elasticache_parameter_group","name":"redis_notify","provider":"provider[\"registry.opentofu.org/hashicorp/aws\"]","instances":[{"schema_version":0,"attributes":{"arn":"arn:aws:elasticache:us-east-1:891377357651:parametergroup:redis-ake-params","description":"Managed by Terraform","family":"redis7","id":"redis-ake-params","name":"redis-ake-params","parameter":[{"name":"notify-keyspace-events","value":"AKE"}],"region":"us-east-1","tags":{},"tags_all":{}},"sensitive_attributes":[],"private":"bnVsbA=="}]},{"mode":"managed","type":"aws_elasticache_replication_group","name":"redis_cluster","provider":"provider[\"registry.opentofu.org/hashicorp/aws\"]","instances":[{"schema_version":3,"attributes":{"apply_immediately":true,"arn":"arn:aws:elasticache:us-east-1:891377357651:replicationgroup:rg-us-east-1-s1","at_rest_encryption_enabled":"false","auth_token":"","auth_token_update_strategy":null,"auto_minor_version_upgrade":"true","automatic_failover_enabled":false,"cluster_enabled":false,"cluster_mode":"disabled","configuration_endpoint_address":null,"data_tiering_enabled":false,"description":"shared cluster us-east-1_s1","engine":"redis","engine_version":"7.1","engine_version_actual":"7.1.0","final_snapshot_identifier":null,"global_replication_group_id":null,"id":"rg-us-east-1-s1","ip_discovery":"ipv4","kms_key_id":"","log_delivery_configuration":[],"maintenance_window":"wed:07:30-wed:08:30","member_clusters":["rg-us-east-1-s1-001"],"multi_az_enabled":false,"network_type":"ipv4","node_group_configuration":[{"node_group_id":"0001","primary_availability_zone":"us-east-1c","primary_outpost_arn":"","replica_availability_zones":[],"replica_count":0,"replica_outpost_arns":[],"slots":""}],"node_type":"cache.t3.small","notification_topic_arn":null,"num_cache_clusters":1,"num_node_groups":1,"parameter_group_name":"redis-ake-params","port":6379,"preferred_cache_cluster_azs":null,"primary_endpoint_address":"master.rg-us-east-1-s1.fk7gji.use1.cache.amazonaws.com","reader_endpoint_address":"replica.rg-us-east-1-s1.fk7gji.use1.cache.amazonaws.com","region":"us-east-1","replicas_per_node_group":0,"replication_group_id":"rg-us-east-1-s1","security_group_ids":["sg-0eed710b0a3f64598"],"security_group_names":[],"snapshot_arns":null,"snapshot_name":null,"snapshot_retention_limit":1,"snapshot_window":"00:00-01:00","subnet_group_name":"s1-redis-subnet-grp","tags":{"Name":"s1-redis-cluster-us-east-1_s1"},"tags_all":{"Name":"s1-redis-cluster-us-east-1_s1"},"timeouts":null,"transit_encryption_enabled":true,"transit_encryption_mode":"required","user_group_ids":["default-shared-user-group"]},"sensitive_attributes":[[{"type":"get_attr","value":"auth_token"}]],"private":"eyJlMmJmYjczMC1lY2FhLTExZTYtOGY4OC0zNDM2M2JjN2M0YzAiOnsiY3JlYXRlIjozNjAwMDAwMDAwMDAwLCJkZWxldGUiOjI3MDAwMDAwMDAwMDAsInVwZGF0ZSI6MjQwMDAwMDAwMDAwMH0sInNjaGVtYV92ZXJzaW9uIjoiMyJ9","dependencies":["aws_elasticache_parameter_group.redis_notify","aws_elasticache_subnet_group.redis_subnet_group","aws_elasticache_user.redis_user","aws_elasticache_user_group.redis_user_group","aws_security_group.redis_sg","aws_subnet.private_subnet","aws_vpc.vpc","data.aws_region.current","random_password.redis_password","random_string.name_randomizer_8"]}]},{"mode":"managed","type":"aws_elasticache_subnet_group","name":"redis_subnet_group","provider":"provider[\"registry.opentofu.org/hashicorp/aws\"]","instances":[{"schema_version":0,"attributes":{"arn":"arn:aws:elasticache:us-east-1:891377357651:subnetgroup:s1-redis-subnet-grp","description":"Managed by Terraform","id":"s1-redis-subnet-grp","name":"s1-redis-subnet-grp","region":"us-east-1","subnet_ids":["subnet-0260fc6a92428bc49"],"tags":{},"tags_all":{},"vpc_id":"vpc-05399b793bd112166"},"sensitive_attributes":[],"private":"bnVsbA==","dependencies":["aws_subnet.private_subnet","aws_vpc.vpc"]}]},{"mode":"managed","type":"aws_elasticache_user","name":"redis_user","provider":"provider[\"registry.opentofu.org/hashicorp/aws\"]","instances":[{"schema_version":0,"attributes":{"access_string":"on ~* +@all -flushdb -flushall","arn":"arn:aws:elasticache:us-east-1:891377357651:user:shared-user","authentication_mode":[{"password_count":1,"passwords":["8-9DIOFBm8k4KZ5tkf7zhpxf"],"type":"password"}],"engine":"redis","id":"shared-user","no_password_required":false,"passwords":null,"region":"us-east-1","tags":{},"tags_all":{},"timeouts":null,"user_id":"shared-user","user_name":"LS1ogb2s"},"sensitive_attributes":[[{"type":"get_attr","value":"passwords"}],[{"type":"get_attr","value":"authentication_mode"},{"type":"index","value":{"value":0,"type":"number"}},{"type":"get_attr","value":"passwords"}]],"private":"eyJlMmJmYjczMC1lY2FhLTExZTYtOGY4OC0zNDM2M2JjN2M0YzAiOnsiY3JlYXRlIjozMDAwMDAwMDAwMDAsImRlbGV0ZSI6MzAwMDAwMDAwMDAwLCJyZWFkIjozMDAwMDAwMDAwMDAsInVwZGF0ZSI6MzAwMDAwMDAwMDAwfX0=","dependencies":["random_password.redis_password","random_string.name_randomizer_8"]}]},{"mode":"managed","type":"aws_elasticache_user_group","name":"redis_user_group","provider":"provider[\"registry.opentofu.org/hashicorp/aws\"]","instances":[{"schema_version":0,"attributes":{"arn":"arn:aws:elasticache:us-east-1:891377357651:usergroup:default-shared-user-group","engine":"redis","id":"default-shared-user-group","region":"us-east-1","tags":{},"tags_all":{},"user_group_id":"default-shared-user-group","user_ids":["default","shared-user"]},"sensitive_attributes":[],"private":"bnVsbA==","dependencies":["aws_elasticache_user.redis_user","random_password.redis_password","random_string.name_randomizer_8"]}]},{"mode":"managed","type":"aws_internet_gateway","name":"igw","provider":"provider[\"registry.opentofu.org/hashicorp/aws\"]","instances":[{"schema_version":0,"attributes":{"arn":"arn:aws:ec2:us-east-1:891377357651:internet-gateway/igw-03176f58cb634a5d2","id":"igw-03176f58cb634a5d2","owner_id":"891377357651","region":"us-east-1","tags":{"Name":"s1-vpc-igw"},"tags_all":{"Name":"s1-vpc-igw"},"timeouts":null,"vpc_id":"vpc-05399b793bd112166"},"sensitive_attributes":[],"private":"eyJlMmJmYjczMC1lY2FhLTExZTYtOGY4OC0zNDM2M2JjN2M0YzAiOnsiY3JlYXRlIjoxMjAwMDAwMDAwMDAwLCJkZWxldGUiOjEyMDAwMDAwMDAwMDAsInVwZGF0ZSI6MTIwMDAwMDAwMDAwMH19","dependencies":["aws_vpc.vpc"]}]},{"mode":"managed","type":"aws_nat_gateway","name":"nat_gw","provider":"provider[\"registry.opentofu.org/hashicorp/aws\"]","instances":[{"schema_version":0,"attributes":{"allocation_id":"eipalloc-0948f9634eb593a2c","association_id":"eipassoc-06c5b02c7e967ec7f","auto_provision_zones":null,"auto_scaling_ips":null,"availability_mode":"zonal","availability_zone_address":[],"connectivity_type":"public","id":"nat-0f4339e2cbc79abfc","network_interface_id":"eni-08b1f2a1327b42ab3","private_ip":"10.1.1.186","public_ip":"100.30.151.141","region":"us-east-1","regional_nat_gateway_address":[],"regional_nat_gateway_auto_mode":null,"route_table_id":null,"secondary_allocation_ids":[],"secondary_private_ip_address_count":0,"secondary_private_ip_addresses":[],"subnet_id":"subnet-03f30ded31f147f02","tags":{"AZID":"use1-az1","Name":"s1-nat-gw"},"tags_all":{"AZID":"use1-az1","Name":"s1-nat-gw"},"timeouts":null,"vpc_id":"vpc-05399b793bd112166"},"sensitive_attributes":[],"private":"eyJlMmJmYjczMC1lY2FhLTExZTYtOGY4OC0zNDM2M2JjN2M0YzAiOnsiY3JlYXRlIjo2MDAwMDAwMDAwMDAsImRlbGV0ZSI6MTgwMDAwMDAwMDAwMCwidXBkYXRlIjo2MDAwMDAwMDAwMDB9fQ==","dependencies":["aws_eip.nat_eip","aws_subnet.public_subnet","aws_vpc.vpc"]}]},{"mode":"managed","type":"aws_route","name":"private_subnet_egress_route","provider":"provider[\"registry.opentofu.org/hashicorp/aws\"]","instances":[{"schema_version":0,"attributes":{"carrier_gateway_id":"","core_network_arn":"","destination_cidr_block":"0.0.0.0/0","destination_ipv6_cidr_block":"","destination_prefix_list_id":"","egress_only_gateway_id":"","gateway_id":"","id":"r-rtb-07e5637d5b4f577501080289494","instance_id":"","instance_owner_id":"","local_gateway_id":"","nat_gateway_id":"nat-0f4339e2cbc79abfc","network_interface_id":"","origin":"CreateRoute","region":"us-east-1","route_table_id":"rtb-07e5637d5b4f57750","state":"active","timeouts":null,"transit_gateway_id":"","vpc_endpoint_id":"","vpc_peering_connection_id":""},"sensitive_attributes":[],"private":"eyJlMmJmYjczMC1lY2FhLTExZTYtOGY4OC0zNDM2M2JjN2M0YzAiOnsiY3JlYXRlIjozMDAwMDAwMDAwMDAsImRlbGV0ZSI6MzAwMDAwMDAwMDAwLCJ1cGRhdGUiOjEyMDAwMDAwMDAwMH19","dependencies":["aws_eip.nat_eip","aws_nat_gateway.nat_gw","aws_route_table.private_subnet_rt","aws_subnet.public_subnet","aws_vpc.vpc"]}]},{"mode":"managed","type":"aws_route","name":"public_subnet_rt_default_route","provider":"provider[\"registry.opentofu.org/hashicorp/aws\"]","instances":[{"schema_version":0,"attributes":{"carrier_gateway_id":"","core_network_arn":"","destination_cidr_block":"0.0.0.0/0","destination_ipv6_cidr_block":"","destination_prefix_list_id":"","egress_only_gateway_id":"","gateway_id":"igw-03176f58cb634a5d2","id":"r-rtb-097749bcf455832181080289494","instance_id":"","instance_owner_id":"","local_gateway_id":"","nat_gateway_id":"","network_interface_id":"","origin":"CreateRoute","region":"us-east-1","route_table_id":"rtb-097749bcf45583218","state":"active","timeouts":null,"transit_gateway_id":"","vpc_endpoint_id":"","vpc_peering_connection_id":""},"sensitive_attributes":[],"private":"eyJlMmJmYjczMC1lY2FhLTExZTYtOGY4OC0zNDM2M2JjN2M0YzAiOnsiY3JlYXRlIjozMDAwMDAwMDAwMDAsImRlbGV0ZSI6MzAwMDAwMDAwMDAwLCJ1cGRhdGUiOjEyMDAwMDAwMDAwMH19","dependencies":["aws_internet_gateway.igw","aws_route_table.public_subnet_rt","aws_vpc.vpc"]}]},{"mode":"managed","type":"aws_route","name":"public_subnet_rt_ipv6_default_route","provider":"provider[\"registry.opentofu.org/hashicorp/aws\"]","instances":[{"schema_version":0,"attributes":{"carrier_gateway_id":"","core_network_arn":"","destination_cidr_block":"","destination_ipv6_cidr_block":"::/0","destination_prefix_list_id":"","egress_only_gateway_id":"","gateway_id":"igw-03176f58cb634a5d2","id":"r-rtb-097749bcf455832182750132062","instance_id":"","instance_owner_id":"","local_gateway_id":"","nat_gateway_id":"","network_interface_id":"","origin":"CreateRoute","region":"us-east-1","route_table_id":"rtb-097749bcf45583218","state":"active","timeouts":null,"transit_gateway_id":"","vpc_endpoint_id":"","vpc_peering_connection_id":""},"sensitive_attributes":[],"private":"eyJlMmJmYjczMC1lY2FhLTExZTYtOGY4OC0zNDM2M2JjN2M0YzAiOnsiY3JlYXRlIjozMDAwMDAwMDAwMDAsImRlbGV0ZSI6MzAwMDAwMDAwMDAwLCJ1cGRhdGUiOjEyMDAwMDAwMDAwMH19","dependencies":["aws_internet_gateway.igw","aws_route_table.public_subnet_rt","aws_vpc.vpc"]}]},{"mode":"managed","type":"aws_route_table","name":"private_subnet_rt","provider":"provider[\"registry.opentofu.org/hashicorp/aws\"]","instances":[{"schema_version":0,"attributes":{"arn":"arn:aws:ec2:us-east-1:891377357651:route-table/rtb-07e5637d5b4f57750","id":"rtb-07e5637d5b4f57750","owner_id":"891377357651","propagating_vgws":[],"region":"us-east-1","route":[{"carrier_gateway_id":"","cidr_block":"0.0.0.0/0","core_network_arn":"","destination_prefix_list_id":"","egress_only_gateway_id":"","gateway_id":"","ipv6_cidr_block":"","local_gateway_id":"","nat_gateway_id":"nat-0f4339e2cbc79abfc","network_interface_id":"","transit_gateway_id":"","vpc_endpoint_id":"","vpc_peering_connection_id":""}],"tags":{"AZID":"use1-az1","Name":"s1-vpc-private-nat-rt"},"tags_all":{"AZID":"use1-az1","Name":"s1-vpc-private-nat-rt"},"timeouts":null,"vpc_id":"vpc-05399b793bd112166"},"sensitive_attributes":[],"private":"eyJlMmJmYjczMC1lY2FhLTExZTYtOGY4OC0zNDM2M2JjN2M0YzAiOnsiY3JlYXRlIjozMDAwMDAwMDAwMDAsImRlbGV0ZSI6MzAwMDAwMDAwMDAwLCJ1cGRhdGUiOjEyMDAwMDAwMDAwMH19","dependencies":["aws_vpc.vpc"]}]},{"mode":"managed","type":"aws_route_table","name":"public_subnet_rt","provider":"provider[\"registry.opentofu.org/hashicorp/aws\"]","instances":[{"schema_version":0,"attributes":{"arn":"arn:aws:ec2:us-east-1:891377357651:route-table/rtb-097749bcf45583218","id":"rtb-097749bcf45583218","owner_id":"891377357651","propagating_vgws":[],"region":"us-east-1","route":[{"carrier_gateway_id":"","cidr_block":"","core_network_arn":"","destination_prefix_list_id":"","egress_only_gateway_id":"","gateway_id":"igw-03176f58cb634a5d2","ipv6_cidr_block":"::/0","local_gateway_id":"","nat_gateway_id":"","network_interface_id":"","transit_gateway_id":"","vpc_endpoint_id":"","vpc_peering_connection_id":""},{"carrier_gateway_id":"","cidr_block":"0.0.0.0/0","core_network_arn":"","destination_prefix_list_id":"","egress_only_gateway_id":"","gateway_id":"igw-03176f58cb634a5d2","ipv6_cidr_block":"","local_gateway_id":"","nat_gateway_id":"","network_interface_id":"","transit_gateway_id":"","vpc_endpoint_id":"","vpc_peering_connection_id":""}],"tags":{"Name":"s1-vpc-public-rt"},"tags_all":{"Name":"s1-vpc-public-rt"},"timeouts":null,"vpc_id":"vpc-05399b793bd112166"},"sensitive_attributes":[],"private":"eyJlMmJmYjczMC1lY2FhLTExZTYtOGY4OC0zNDM2M2JjN2M0YzAiOnsiY3JlYXRlIjozMDAwMDAwMDAwMDAsImRlbGV0ZSI6MzAwMDAwMDAwMDAwLCJ1cGRhdGUiOjEyMDAwMDAwMDAwMH19","dependencies":["aws_vpc.vpc"]}]},{"mode":"managed","type":"aws_route_table_association","name":"private_subnet_rt_assoc","provider":"provider[\"registry.opentofu.org/hashicorp/aws\"]","instances":[{"schema_version":0,"attributes":{"gateway_id":"","id":"rtbassoc-05fe816f1e0e7bfe7","region":"us-east-1","route_table_id":"rtb-07e5637d5b4f57750","subnet_id":"subnet-0260fc6a92428bc49","timeouts":null},"sensitive_attributes":[],"private":"eyJlMmJmYjczMC1lY2FhLTExZTYtOGY4OC0zNDM2M2JjN2M0YzAiOnsiY3JlYXRlIjozMDAwMDAwMDAwMDAsImRlbGV0ZSI6MzAwMDAwMDAwMDAwLCJ1cGRhdGUiOjEyMDAwMDAwMDAwMH19","dependencies":["aws_route_table.private_subnet_rt","aws_subnet.private_subnet","aws_vpc.vpc"]}]},{"mode":"managed","type":"aws_route_table_association","name":"public_subnet_rt_assoc","provider":"provider[\"registry.opentofu.org/hashicorp/aws\"]","instances":[{"schema_version":0,"attributes":{"gateway_id":"","id":"rtbassoc-0f956c5a7575451a9","region":"us-east-1","route_table_id":"rtb-097749bcf45583218","subnet_id":"subnet-03f30ded31f147f02","timeouts":null},"sensitive_attributes":[],"private":"eyJlMmJmYjczMC1lY2FhLTExZTYtOGY4OC0zNDM2M2JjN2M0YzAiOnsiY3JlYXRlIjozMDAwMDAwMDAwMDAsImRlbGV0ZSI6MzAwMDAwMDAwMDAwLCJ1cGRhdGUiOjEyMDAwMDAwMDAwMH19","dependencies":["aws_route_table.public_subnet_rt","aws_subnet.public_subnet","aws_vpc.vpc"]}]},{"mode":"managed","type":"aws_secretsmanager_secret","name":"redis_secret","provider":"provider[\"registry.opentofu.org/hashicorp/aws\"]","instances":[{"schema_version":0,"attributes":{"arn":"arn:aws:secretsmanager:us-east-1:891377357651:secret:redis/password/us-east-1/s1/2spPI-SaseSy","description":"","force_overwrite_replica_secret":false,"id":"arn:aws:secretsmanager:us-east-1:891377357651:secret:redis/password/us-east-1/s1/2spPI-SaseSy","kms_key_id":"","name":"redis/password/us-east-1/s1/2spPI","name_prefix":"","policy":"","recovery_window_in_days":30,"region":"us-east-1","replica":[],"tags":{},"tags_all":{}},"sensitive_attributes":[],"private":"bnVsbA==","dependencies":["data.aws_region.current","random_string.name_randomizer_4"]}]},{"mode":"managed","type":"aws_secretsmanager_secret_version","name":"redis_secret_version","provider":"provider[\"registry.opentofu.org/hashicorp/aws\"]","instances":[{"schema_version":0,"attributes":{"arn":"arn:aws:secretsmanager:us-east-1:891377357651:secret:redis/password/us-east-1/s1/2spPI-SaseSy","has_secret_string_wo":null,"id":"arn:aws:secretsmanager:us-east-1:891377357651:secret:redis/password/us-east-1/s1/2spPI-SaseSy|terraform-20251211181403503100000002","region":"us-east-1","secret_binary":"","secret_id":"arn:aws:secretsmanager:us-east-1:891377357651:secret:redis/password/us-east-1/s1/2spPI-SaseSy","secret_string":"8-9DIOFBm8k4KZ5tkf7zhpxf","secret_string_wo":null,"secret_string_wo_version":null,"version_id":"terraform-20251211181403503100000002","version_stages":["AWSCURRENT"]},"sensitive_attributes":[[{"type":"get_attr","value":"secret_binary"}],[{"type":"get_attr","value":"secret_string"}],[{"type":"get_attr","value":"secret_string_wo"}]],"private":"bnVsbA==","dependencies":["aws_secretsmanager_secret.redis_secret","data.aws_region.current","random_password.redis_password","random_string.name_randomizer_4","random_string.name_randomizer_8"]}]},{"mode":"managed","type":"aws_security_group","name":"redis_sg","provider":"provider[\"registry.opentofu.org/hashicorp/aws\"]","instances":[{"schema_version":1,"attributes":{"arn":"arn:aws:ec2:us-east-1:891377357651:security-group/sg-0eed710b0a3f64598","description":"Security group for Redis cluster","egress":[{"cidr_blocks":["10.1.0.0/16"],"description":"","from_port":0,"ipv6_cidr_blocks":[],"prefix_list_ids":[],"protocol":"-1","security_groups":[],"self":false,"to_port":0}],"id":"sg-0eed710b0a3f64598","ingress":[{"cidr_blocks":["10.1.0.0/16"],"description":"","from_port":6379,"ipv6_cidr_blocks":[],"prefix_list_ids":[],"protocol":"tcp","security_groups":[],"self":false,"to_port":6379}],"name":"s1-redis-sg-us-east-1_s1","name_prefix":"","owner_id":"891377357651","region":"us-east-1","revoke_rules_on_delete":false,"tags":{"Name":"s1-redis-sg-us-east-1_s1"},"tags_all":{"Name":"s1-redis-sg-us-east-1_s1"},"timeouts":null,"vpc_id":"vpc-05399b793bd112166"},"sensitive_attributes":[],"private":"eyJlMmJmYjczMC1lY2FhLTExZTYtOGY4OC0zNDM2M2JjN2M0YzAiOnsiY3JlYXRlIjo2MDAwMDAwMDAwMDAsImRlbGV0ZSI6OTAwMDAwMDAwMDAwfSwic2NoZW1hX3ZlcnNpb24iOiIxIn0=","dependencies":["aws_vpc.vpc","data.aws_region.current"]}]},{"mode":"managed","type":"aws_sns_topic","name":"workload_sns_topic","provider":"provider[\"registry.opentofu.org/hashicorp/aws\"]","instances":[{"schema_version":0,"attributes":{"application_failure_feedback_role_arn":"","application_success_feedback_role_arn":"","application_success_feedback_sample_rate":0,"archive_policy":"","arn":"arn:aws:sns:us-east-1:891377357651:s1-sns-events","beginning_archive_time":"","content_based_deduplication":false,"delivery_policy":"","display_name":"","fifo_throughput_scope":"","fifo_topic":false,"firehose_failure_feedback_role_arn":"","firehose_success_feedback_role_arn":"","firehose_success_feedback_sample_rate":0,"http_failure_feedback_role_arn":"","http_success_feedback_role_arn":"","http_success_feedback_sample_rate":0,"id":"arn:aws:sns:us-east-1:891377357651:s1-sns-events","kms_master_key_id":"","lambda_failure_feedback_role_arn":"","lambda_success_feedback_role_arn":"","lambda_success_feedback_sample_rate":0,"name":"s1-sns-events","name_prefix":"","owner":"891377357651","policy":"{\"Statement\":[{\"Action\":[\"sns:Publish\",\"sns:Subscribe\"],\"Condition\":{\"StringEquals\":{\"AWS:SourceOwner\":\"891377357651\"}},\"Effect\":\"Allow\",\"Principal\":{\"AWS\":\"*\"},\"Resource\":\"*\"}],\"Version\":\"2012-10-17\"}","region":"us-east-1","signature_version":0,"sqs_failure_feedback_role_arn":"","sqs_success_feedback_role_arn":"","sqs_success_feedback_sample_rate":0,"tags":{},"tags_all":{},"tracing_config":""},"sensitive_attributes":[],"private":"bnVsbA=="}]},{"mode":"managed","type":"aws_sns_topic_policy","name":"config_change_topic_policy","provider":"provider[\"registry.opentofu.org/hashicorp/aws\"]","instances":[{"schema_version":0,"attributes":{"arn":"arn:aws:sns:us-east-1:891377357651:s1-sns-events","id":"arn:aws:sns:us-east-1:891377357651:s1-sns-events","owner":"891377357651","policy":"{\"Statement\":[{\"Action\":[\"sns:Publish\",\"sns:Subscribe\"],\"Condition\":{\"StringEquals\":{\"AWS:SourceOwner\":\"891377357651\"}},\"Effect\":\"Allow\",\"Principal\":{\"AWS\":\"*\"},\"Resource\":\"*\"}],\"Version\":\"2012-10-17\"}","region":"us-east-1"},"sensitive_attributes":[],"private":"bnVsbA==","dependencies":["aws_sns_topic.workload_sns_topic","data.aws_caller_identity.current"]}]},{"mode":"managed","type":"aws_subnet","name":"private_subnet","provider":"provider[\"registry.opentofu.org/hashicorp/aws\"]","instances":[{"schema_version":1,"attributes":{"arn":"arn:aws:ec2:us-east-1:891377357651:subnet/subnet-0260fc6a92428bc49","assign_ipv6_address_on_creation":false,"availability_zone":"us-east-1c","availability_zone_id":"use1-az1","cidr_block":"10.1.0.0/24","customer_owned_ipv4_pool":"","enable_dns64":false,"enable_lni_at_device_index":0,"enable_resource_name_dns_a_record_on_launch":false,"enable_resource_name_dns_aaaa_record_on_launch":false,"id":"subnet-0260fc6a92428bc49","ipv6_cidr_block":"","ipv6_cidr_block_association_id":"","ipv6_native":false,"map_customer_owned_ip_on_launch":false,"map_public_ip_on_launch":false,"outpost_arn":"","owner_id":"891377357651","private_dns_hostname_type_on_launch":"ip-name","region":"us-east-1","tags":{"AZID":"use1-az1","Name":"s1-vpc-private-subnet"},"tags_all":{"AZID":"use1-az1","Name":"s1-vpc-private-subnet"},"timeouts":null,"vpc_id":"vpc-05399b793bd112166"},"sensitive_attributes":[],"private":"eyJlMmJmYjczMC1lY2FhLTExZTYtOGY4OC0zNDM2M2JjN2M0YzAiOnsiY3JlYXRlIjo2MDAwMDAwMDAwMDAsImRlbGV0ZSI6MTIwMDAwMDAwMDAwMH0sInNjaGVtYV92ZXJzaW9uIjoiMSJ9","dependencies":["aws_vpc.vpc"]}]},{"mode":"managed","type":"aws_subnet","name":"public_subnet","provider":"provider[\"registry.opentofu.org/hashicorp/aws\"]","instances":[{"schema_version":1,"attributes":{"arn":"arn:aws:ec2:us-east-1:891377357651:subnet/subnet-03f30ded31f147f02","assign_ipv6_address_on_creation":false,"availability_zone":"us-east-1c","availability_zone_id":"use1-az1","cidr_block":"10.1.1.0/24","customer_owned_ipv4_pool":"","enable_dns64":false,"enable_lni_at_device_index":0,"enable_resource_name_dns_a_record_on_launch":false,"enable_resource_name_dns_aaaa_record_on_launch":false,"id":"subnet-03f30ded31f147f02","ipv6_cidr_block":"","ipv6_cidr_block_association_id":"","ipv6_native":false,"map_customer_owned_ip_on_launch":false,"map_public_ip_on_launch":false,"outpost_arn":"","owner_id":"891377357651","private_dns_hostname_type_on_launch":"ip-name","region":"us-east-1","tags":{"AZID":"use1-az1","Name":"s1-vpc-public-subnet"},"tags_all":{"AZID":"use1-az1","Name":"s1-vpc-public-subnet"},"timeouts":null,"vpc_id":"vpc-05399b793bd112166"},"sensitive_attributes":[],"private":"eyJlMmJmYjczMC1lY2FhLTExZTYtOGY4OC0zNDM2M2JjN2M0YzAiOnsiY3JlYXRlIjo2MDAwMDAwMDAwMDAsImRlbGV0ZSI6MTIwMDAwMDAwMDAwMH0sInNjaGVtYV92ZXJzaW9uIjoiMSJ9","dependencies":["aws_vpc.vpc"]}]},{"mode":"managed","type":"aws_vpc","name":"vpc","provider":"provider[\"registry.opentofu.org/hashicorp/aws\"]","instances":[{"schema_version":1,"attributes":{"arn":"arn:aws:ec2:us-east-1:891377357651:vpc/vpc-05399b793bd112166","assign_generated_ipv6_cidr_block":true,"cidr_block":"10.1.0.0/16","default_network_acl_id":"acl-094697368f1922d30","default_route_table_id":"rtb-0be3d92e49d96d6fe","default_security_group_id":"sg-0cd9975da613df38a","dhcp_options_id":"dopt-0859471c7f64c3eb0","enable_dns_hostnames":true,"enable_dns_support":true,"enable_network_address_usage_metrics":false,"id":"vpc-05399b793bd112166","instance_tenancy":"default","ipv4_ipam_pool_id":null,"ipv4_netmask_length":null,"ipv6_association_id":"vpc-cidr-assoc-05e6d805c05824d50","ipv6_cidr_block":"2600:1f18:5899:9700::/56","ipv6_cidr_block_network_border_group":"us-east-1","ipv6_ipam_pool_id":"","ipv6_netmask_length":0,"main_route_table_id":"rtb-0be3d92e49d96d6fe","owner_id":"891377357651","region":"us-east-1","tags":{"Name":"s1-vpc"},"tags_all":{"Name":"s1-vpc"}},"sensitive_attributes":[],"private":"eyJzY2hlbWFfdmVyc2lvbiI6IjEifQ=="}]},{"mode":"managed","type":"aws_vpc_security_group_egress_rule","name":"sg_egress_rule","provider":"provider[\"registry.opentofu.org/hashicorp/aws\"]","instances":[{"schema_version":0,"attributes":{"arn":"arn:aws:ec2:us-east-1:891377357651:security-group-rule/sgr-0060499eaff6c3fc4","cidr_ipv4":"10.1.0.0/16","cidr_ipv6":null,"description":null,"from_port":null,"id":"sgr-0060499eaff6c3fc4","ip_protocol":"-1","prefix_list_id":null,"referenced_security_group_id":null,"region":"us-east-1","security_group_id":"sg-0eed710b0a3f64598","security_group_rule_id":"sgr-0060499eaff6c3fc4","tags":null,"tags_all":{},"to_port":null},"sensitive_attributes":[],"dependencies":["aws_security_group.redis_sg","aws_vpc.vpc","data.aws_region.current"]}]},{"mode":"managed","type":"aws_vpc_security_group_ingress_rule","name":"sg_ingress_rule","provider":"provider[\"registry.opentofu.org/hashicorp/aws\"]","instances":[{"schema_version":0,"attributes":{"arn":"arn:aws:ec2:us-east-1:891377357651:security-group-rule/sgr-00b1c3ec732a707f9","cidr_ipv4":"10.1.0.0/16","cidr_ipv6":null,"description":null,"from_port":6379,"id":"sgr-00b1c3ec732a707f9","ip_protocol":"tcp","prefix_list_id":null,"referenced_security_group_id":null,"region":"us-east-1","security_group_id":"sg-0eed710b0a3f64598","security_group_rule_id":"sgr-00b1c3ec732a707f9","tags":null,"tags_all":{},"to_port":6379},"sensitive_attributes":[],"dependencies":["aws_security_group.redis_sg","aws_vpc.vpc","data.aws_region.current"]}]},{"mode":"managed","type":"random_password","name":"redis_password","provider":"provider[\"registry.opentofu.org/hashicorp/random\"]","instances":[{"schema_version":3,"attributes":{"bcrypt_hash":"$2a$10$f2xbM7zVaz.sbaDTYt6Z/.RH1h7c7uHuF7Iof24qnFhAqSta/FDyu","id":"none","keepers":{"length":"24","user":"LS1ogb2s"},"length":24,"lower":true,"min_lower":0,"min_numeric":0,"min_special":0,"min_upper":0,"number":true,"numeric":true,"override_special":"_-","result":"8-9DIOFBm8k4KZ5tkf7zhpxf","special":true,"upper":true},"sensitive_attributes":[[{"type":"get_attr","value":"bcrypt_hash"}],[{"type":"get_attr","value":"result"}]],"dependencies":["random_string.name_randomizer_8"]}]},{"mode":"managed","type":"random_string","name":"name_randomizer_4","provider":"provider[\"registry.opentofu.org/hashicorp/random\"]","instances":[{"schema_version":2,"attributes":{"id":"2spPI","keepers":null,"length":5,"lower":true,"min_lower":0,"min_numeric":0,"min_special":0,"min_upper":0,"number":true,"numeric":true,"override_special":"_-","result":"2spPI","special":true,"upper":true},"sensitive_attributes":[]}]},{"mode":"managed","type":"random_string","name":"name_randomizer_8","provider":"provider[\"registry.opentofu.org/hashicorp/random\"]","instances":[{"schema_version":2,"attributes":{"id":"LS1ogb2s","keepers":null,"length":8,"lower":true,"min_lower":0,"min_numeric":0,"min_special":0,"min_upper":0,"number":true,"numeric":true,"override_special":"_-","result":"LS1ogb2s","special":true,"upper":true},"sensitive_attributes":[]}]}],"check_results":null}
