{"version":4,"terraform_version":"1.9.0","serial":38,"lineage":"f1321231-42ea-d539-6b1d-7f8546ddda10","outputs":{},"resources":[{"module":"module.inbound_vpc_endpoint_service_nlb","mode":"managed","type":"aws_lb_target_group","name":"nlb_tg","provider":"provider[\"registry.opentofu.org/hashicorp/aws\"]","instances":[{"index_key":"inbound","schema_version":0,"attributes":{"arn":"arn:aws:elasticloadbalancing:us-east-1:891377357651:targetgroup/dbi-1-inbound-inbound-tg/2d410dc470abd22d","arn_suffix":"targetgroup/dbi-1-inbound-inbound-tg/2d410dc470abd22d","connection_termination":false,"deregistration_delay":"300","health_check":[{"enabled":true,"healthy_threshold":3,"interval":5,"matcher":"","path":"","port":"5432","protocol":"TCP","timeout":4,"unhealthy_threshold":2}],"id":"arn:aws:elasticloadbalancing:us-east-1:891377357651:targetgroup/dbi-1-inbound-inbound-tg/2d410dc470abd22d","ip_address_type":"ipv4","lambda_multi_value_headers_enabled":false,"load_balancer_arns":["arn:aws:elasticloadbalancing:us-east-1:891377357651:loadbalancer/net/dbi-1-inbound-nlb/e7acd8b238c3e94f"],"load_balancing_algorithm_type":null,"load_balancing_anomaly_mitigation":null,"load_balancing_cross_zone_enabled":"use_load_balancer_configuration","name":"dbi-1-inbound-inbound-tg","name_prefix":"","port":5432,"preserve_client_ip":"false","protocol":"TCP","protocol_version":null,"proxy_protocol_v2":false,"region":"us-east-1","slow_start":0,"stickiness":[{"cookie_duration":0,"cookie_name":"","enabled":false,"type":"source_ip"}],"tags":{},"tags_all":{"AZID":"use1-az1","AccountID":"2000","App":"springtail-apps","DatabaseInstanceID":"1","Environment":"example","ManagedBy":"OpenTofu","OrganizationID":"1000","Region":"us-east-1","Shard":"s1","TemplateVersion":"v1.0.0"},"target_control_port":0,"target_failover":[{"on_deregistration":null,"on_unhealthy":null}],"target_group_health":[{"dns_failover":[{"minimum_healthy_targets_count":"1","minimum_healthy_targets_percentage":"off"}],"unhealthy_state_routing":[{"minimum_healthy_targets_count":1,"minimum_healthy_targets_percentage":"off"}]}],"target_health_state":[{"enable_unhealthy_connection_termination":true,"unhealthy_draining_interval":0}],"target_type":"ip","vpc_id":"vpc-05611e4cac18356f5"},"sensitive_attributes":[],"private":"bnVsbA==","dependencies":["module.transit_vpc.aws_vpc.transit_vpc"],"create_before_destroy":true}]},{"module":"module.instance_profile","mode":"data","type":"aws_caller_identity","name":"current","provider":"provider[\"registry.opentofu.org/hashicorp/aws\"]","instances":[{"schema_version":0,"attributes":{"account_id":"891377357651","arn":"arn:aws:sts::891377357651:assumed-role/AWSReservedSSO_PowerUserAccess_9db306a4d4bfe18a/jeffrey@springtail.io","id":"891377357651","user_id":"AROA47CR3CNJZ45H2T676:jeffrey@springtail.io"},"sensitive_attributes":[]}]},{"module":"module.instance_profile","mode":"data","type":"aws_iam_policy","name":"ssm_policy","provider":"provider[\"registry.opentofu.org/hashicorp/aws\"]","instances":[{"schema_version":0,"attributes":{"arn":"arn:aws:iam::aws:policy/AmazonSSMManagedInstanceCore","attachment_count":1,"description":"The policy for Amazon EC2 Role to enable AWS Systems Manager service core functionality.","id":"arn:aws:iam::aws:policy/AmazonSSMManagedInstanceCore","name":"AmazonSSMManagedInstanceCore","path":"/","path_prefix":null,"policy":"{\"Statement\":[{\"Action\":[\"ssm:DescribeAssociation\",\"ssm:GetDeployablePatchSnapshotForInstance\",\"ssm:GetDocument\",\"ssm:DescribeDocument\",\"ssm:GetManifest\",\"ssm:GetParameter\",\"ssm:GetParameters\",\"ssm:ListAssociations\",\"ssm:ListInstanceAssociations\",\"ssm:PutInventory\",\"ssm:PutComplianceItems\",\"ssm:PutConfigurePackageResult\",\"ssm:UpdateAssociationStatus\",\"ssm:UpdateInstanceAssociationStatus\",\"ssm:UpdateInstanceInformation\"],\"Effect\":\"Allow\",\"Resource\":\"*\"},{\"Action\":[\"ssmmessages:CreateControlChannel\",\"ssmmessages:CreateDataChannel\",\"ssmmessages:OpenControlChannel\",\"ssmmessages:OpenDataChannel\"],\"Effect\":\"Allow\",\"Resource\":\"*\"},{\"Action\":[\"ec2messages:AcknowledgeMessage\",\"ec2messages:DeleteMessage\",\"ec2messages:FailMessage\",\"ec2messages:GetEndpoint\",\"ec2messages:GetMessages\",\"ec2messages:SendReply\"],\"Effect\":\"Allow\",\"Resource\":\"*\"}],\"Version\":\"2012-10-17\"}","policy_id":"ANPAIXSHM2BNB2D3AXXRU","tags":{}},"sensitive_attributes":[]}]},{"module":"module.instance_profile","mode":"managed","type":"aws_iam_instance_profile","name":"services_instance_profile","provider":"provider[\"registry.opentofu.org/hashicorp/aws\"]","instances":[{"schema_version":0,"attributes":{"arn":"arn:aws:iam::891377357651:instance-profile/dbi-1-instance-profile-svc-instance-profile","create_date":"2025-12-15T16:56:28Z","id":"dbi-1-instance-profile-svc-instance-profile","name":"dbi-1-instance-profile-svc-instance-profile","name_prefix":"","path":"/","role":"dbi-1-instance-profile-services-instance-role","tags":{},"tags_all":{"AZID":"use1-az1","AccountID":"2000","App":"springtail-apps","DatabaseInstanceID":"1","Environment":"example","ManagedBy":"OpenTofu","OrganizationID":"1000","Region":"us-east-1","Shard":"s1","TemplateVersion":"v1.0.0"},"unique_id":"AIPA47CR3CNJ377FXDB26"},"sensitive_attributes":[],"private":"bnVsbA==","dependencies":["module.instance_profile.aws_iam_role.services_instance_role"],"create_before_destroy":true}]},{"module":"module.instance_profile","mode":"managed","type":"aws_iam_policy","name":"basic_instance_policy","provider":"provider[\"registry.opentofu.org/hashicorp/aws\"]","instances":[{"schema_version":0,"attributes":{"arn":"arn:aws:iam::891377357651:policy/dbi-1-instance-profile-services-policy","attachment_count":1,"description":"Policy to allow S3 and ECR access from container instances","id":"arn:aws:iam::891377357651:policy/dbi-1-instance-profile-services-policy","name":"dbi-1-instance-profile-services-policy","name_prefix":"","path":"/","policy":"{\"Statement\":[{\"Action\":[\"sns:Subscribe\",\"sns:ConfirmSubscription\",\"sns:Unsubscribe\"],\"Condition\":{\"StringEquals\":{\"aws:PrincipalAccount\":\"891377357651\"}},\"Effect\":\"Allow\",\"Resource\":[\"arn:aws:sns:us-east-1:891377357651:dbi-1-watcher-sns-topic\",\"arn:aws:sns:us-east-1:381492230138:st-events\"]},{\"Action\":[\"sns:Publish\"],\"Condition\":{\"StringEquals\":{\"aws:PrincipalAccount\":\"891377357651\"}},\"Effect\":\"Allow\",\"Resource\":[\"arn:aws:sns:us-east-1:891377357651:dbi-1-watcher-sns-topic\",\"arn:aws:sns:us-east-1:381492230138:st-events\"]},{\"Action\":[\"ssmmessages:CreateControlChannel\",\"ssmmessages:CreateDataChannel\",\"ssmmessages:OpenControlChannel\",\"ssmmessages:OpenDataChannel\",\"logs:CreateLogGroup\",\"logs:CreateLogStream\",\"logs:PutLogEvents\",\"logs:DescribeLogStreams\",\"logs:DescribeLogGroups\",\"cloudwatch:PutMetricData\",\"cloudwatch:GetMetricData\",\"ec2:DescribeTags\",\"ec2:DescribeVolumes\",\"aps:QueryMetrics\",\"aps:RemoteWrite\",\"aps:ListWorkspaces\",\"aps:DescribeWorkspace\"],\"Effect\":\"Allow\",\"Resource\":[\"*\"]},{\"Action\":[\"secretsmanager:GetSecretValue\"],\"Effect\":\"Allow\",\"Resource\":[\"*\"]},{\"Action\":[\"elasticloadbalancing:RegisterTargets\",\"elasticloadbalancing:DeregisterTargets\"],\"Effect\":\"Allow\",\"Resource\":[\"*\"]},{\"Action\":[\"sns:Publish\",\"elasticloadbalancing:DescribeTargetHealth\",\"elasticloadbalancing:DescribeTargetGroups\"],\"Effect\":\"Allow\",\"Resource\":\"*\"},{\"Action\":[\"ssm:GetParameter\"],\"Effect\":\"Allow\",\"Resource\":\"arn:aws:ssm:*:*:parameter/dbi-shared/*\"}],\"Version\":\"2012-10-17\"}","policy_id":"ANPA47CR3CNJ73K4MWUTO","tags":{},"tags_all":{"AZID":"use1-az1","AccountID":"2000","App":"springtail-apps","DatabaseInstanceID":"1","Environment":"example","ManagedBy":"OpenTofu","OrganizationID":"1000","Region":"us-east-1","Shard":"s1","TemplateVersion":"v1.0.0"}},"sensitive_attributes":[],"private":"bnVsbA==","dependencies":["module.instance_profile.data.aws_caller_identity.current","module.watcher.aws_sns_topic.dbi_sns_topic"]}]},{"module":"module.instance_profile","mode":"managed","type":"aws_iam_policy_attachment","name":"instance_role_policy_attachment","provider":"provider[\"registry.opentofu.org/hashicorp/aws\"]","instances":[{"schema_version":0,"attributes":{"groups":[],"id":"dbi-1-instance-profile-inst-task-policy-attachment","name":"dbi-1-instance-profile-inst-task-policy-attachment","policy_arn":"arn:aws:iam::891377357651:policy/dbi-1-instance-profile-services-policy","roles":["dbi-1-instance-profile-services-instance-role"],"users":[]},"sensitive_attributes":[],"private":"bnVsbA==","dependencies":["module.instance_profile.aws_iam_policy.basic_instance_policy","module.instance_profile.aws_iam_role.services_instance_role","module.instance_profile.data.aws_caller_identity.current","module.watcher.aws_sns_topic.dbi_sns_topic"]}]},{"module":"module.instance_profile","mode":"managed","type":"aws_iam_policy_attachment","name":"services_ssm_policy_attachment","provider":"provider[\"registry.opentofu.org/hashicorp/aws\"]","instances":[{"schema_version":0,"attributes":{"groups":[],"id":"dbi-1-instance-profile-inst-ssm-policy-attachment","name":"dbi-1-instance-profile-inst-ssm-policy-attachment","policy_arn":"arn:aws:iam::aws:policy/AmazonSSMManagedInstanceCore","roles":["dbi-1-instance-profile-services-instance-role"],"users":[]},"sensitive_attributes":[],"private":"bnVsbA==","dependencies":["module.instance_profile.aws_iam_role.services_instance_role","module.instance_profile.data.aws_iam_policy.ssm_policy"]}]},{"module":"module.instance_profile","mode":"managed","type":"aws_iam_role","name":"lambda_func_role","provider":"provider[\"registry.opentofu.org/hashicorp/aws\"]","instances":[{"schema_version":0,"attributes":{"arn":"arn:aws:iam::891377357651:role/dbi-1-instance-profile-role","assume_role_policy":"{\"Statement\":[{\"Action\":\"sts:AssumeRole\",\"Effect\":\"Allow\",\"Principal\":{\"Service\":\"lambda.amazonaws.com\"}}],\"Version\":\"2012-10-17\"}","create_date":"2025-12-15T16:56:27Z","description":"","force_detach_policies":false,"id":"dbi-1-instance-profile-role","inline_policy":[{"name":"dbi-1-instance-profile-lambda_policy","policy":"{\"Version\":\"2012-10-17\",\"Statement\":[{\"Action\":[\"secretsmanager:GetSecretValue\"],\"Effect\":\"Allow\",\"Resource\":[\"arn:aws:secretsmanager:*:891377357651:*\"]},{\"Action\":[\"ec2:DescribeVolumes\",\"ecs:DescribeServices\"],\"Effect\":\"Allow\",\"Resource\":[\"*\"]},{\"Action\":[\"ecs:RunTask\"],\"Effect\":\"Allow\",\"Resource\":[\"arn:aws:ecs:*:891377357651:task-definition/*\"]},{\"Action\":[\"logs:CreateLogGroup\",\"logs:CreateLogStream\",\"logs:PutLogEvents\"],\"Effect\":\"Allow\",\"Resource\":\"arn:aws:logs:*\"},{\"Action\":[\"iam:PassRole\"],\"Condition\":{\"StringEquals\":{\"iam:PassedToService\":\"ecs-tasks.amazonaws.com\"}},\"Effect\":\"Allow\",\"Resource\":[\"*\"]}]}"}],"managed_policy_arns":["arn:aws:iam::aws:policy/service-role/AWSLambdaBasicExecutionRole"],"max_session_duration":3600,"name":"dbi-1-instance-profile-role","name_prefix":"","path":"/","permissions_boundary":"","tags":{},"tags_all":{"AZID":"use1-az1","AccountID":"2000","App":"springtail-apps","DatabaseInstanceID":"1","Environment":"example","ManagedBy":"OpenTofu","OrganizationID":"1000","Region":"us-east-1","Shard":"s1","TemplateVersion":"v1.0.0"},"unique_id":"AROA47CR3CNJWTU5C73TZ"},"sensitive_attributes":[],"private":"bnVsbA=="}]},{"module":"module.instance_profile","mode":"managed","type":"aws_iam_role","name":"services_instance_role","provider":"provider[\"registry.opentofu.org/hashicorp/aws\"]","instances":[{"schema_version":0,"attributes":{"arn":"arn:aws:iam::891377357651:role/dbi-1-instance-profile-services-instance-role","assume_role_policy":"{\"Statement\":[{\"Action\":\"sts:AssumeRole\",\"Effect\":\"Allow\",\"Principal\":{\"Service\":\"ec2.amazonaws.com\"}}],\"Version\":\"2012-10-17\"}","create_date":"2025-12-15T16:56:27Z","description":"","force_detach_policies":false,"id":"dbi-1-instance-profile-services-instance-role","inline_policy":[],"managed_policy_arns":["arn:aws:iam::891377357651:policy/dbi-1-instance-profile-services-policy","arn:aws:iam::aws:policy/AmazonSSMManagedInstanceCore"],"max_session_duration":3600,"name":"dbi-1-instance-profile-services-instance-role","name_prefix":"","path":"/","permissions_boundary":"","tags":{},"tags_all":{"AZID":"use1-az1","AccountID":"2000","App":"springtail-apps","DatabaseInstanceID":"1","Environment":"example","ManagedBy":"OpenTofu","OrganizationID":"1000","Region":"us-east-1","Shard":"s1","TemplateVersion":"v1.0.0"},"unique_id":"AROA47CR3CNJ5LJGQ5H4Q"},"sensitive_attributes":[],"private":"bnVsbA==","create_before_destroy":true}]},{"module":"module.instance_profile","mode":"managed","type":"aws_iam_role_policy","name":"lambda_policy","provider":"provider[\"registry.opentofu.org/hashicorp/aws\"]","instances":[{"schema_version":0,"attributes":{"id":"dbi-1-instance-profile-role:dbi-1-instance-profile-lambda_policy","name":"dbi-1-instance-profile-lambda_policy","name_prefix":"","policy":"{\"Version\":\"2012-10-17\",\"Statement\":[{\"Action\":[\"secretsmanager:GetSecretValue\"],\"Effect\":\"Allow\",\"Resource\":[\"arn:aws:secretsmanager:*:891377357651:*\"]},{\"Action\":[\"ec2:DescribeVolumes\",\"ecs:DescribeServices\"],\"Effect\":\"Allow\",\"Resource\":[\"*\"]},{\"Action\":[\"ecs:RunTask\"],\"Effect\":\"Allow\",\"Resource\":[\"arn:aws:ecs:*:891377357651:task-definition/*\"]},{\"Action\":[\"logs:CreateLogGroup\",\"logs:CreateLogStream\",\"logs:PutLogEvents\"],\"Effect\":\"Allow\",\"Resource\":\"arn:aws:logs:*\"},{\"Action\":[\"iam:PassRole\"],\"Condition\":{\"StringEquals\":{\"iam:PassedToService\":\"ecs-tasks.amazonaws.com\"}},\"Effect\":\"Allow\",\"Resource\":[\"*\"]}]}","role":"dbi-1-instance-profile-role"},"sensitive_attributes":[],"private":"bnVsbA==","dependencies":["module.instance_profile.aws_iam_role.lambda_func_role","module.instance_profile.data.aws_caller_identity.current"]}]},{"module":"module.instance_profile","mode":"managed","type":"aws_iam_role_policy_attachment","name":"lambda_funcpolicy_attachment","provider":"provider[\"registry.opentofu.org/hashicorp/aws\"]","instances":[{"schema_version":0,"attributes":{"id":"dbi-1-instance-profile-role/arn:aws:iam::aws:policy/service-role/AWSLambdaBasicExecutionRole","policy_arn":"arn:aws:iam::aws:policy/service-role/AWSLambdaBasicExecutionRole","role":"dbi-1-instance-profile-role"},"sensitive_attributes":[],"private":"bnVsbA==","dependencies":["module.instance_profile.aws_iam_role.lambda_func_role"]}]},{"module":"module.transit_vpc","mode":"managed","type":"aws_vpc","name":"transit_vpc","provider":"provider[\"registry.opentofu.org/hashicorp/aws\"]","instances":[{"schema_version":1,"attributes":{"arn":"arn:aws:ec2:us-east-1:891377357651:vpc/vpc-05611e4cac18356f5","assign_generated_ipv6_cidr_block":false,"cidr_block":"10.123.0.0/16","default_network_acl_id":"acl-0bab092ef481bb159","default_route_table_id":"rtb-0d73aba03b711f061","default_security_group_id":"sg-0cce5fd7ec9581793","dhcp_options_id":"dopt-0859471c7f64c3eb0","enable_dns_hostnames":true,"enable_dns_support":true,"enable_network_address_usage_metrics":false,"id":"vpc-05611e4cac18356f5","instance_tenancy":"default","ipv4_ipam_pool_id":null,"ipv4_netmask_length":null,"ipv6_association_id":"","ipv6_cidr_block":"","ipv6_cidr_block_network_border_group":"","ipv6_ipam_pool_id":"","ipv6_netmask_length":0,"main_route_table_id":"rtb-0d73aba03b711f061","owner_id":"891377357651","region":"us-east-1","tags":{"Name":"dbi-1-transit-vpc"},"tags_all":{"AZID":"use1-az1","AccountID":"2000","App":"springtail-apps","DatabaseInstanceID":"1","Environment":"example","ManagedBy":"OpenTofu","Name":"dbi-1-transit-vpc","OrganizationID":"1000","Region":"us-east-1","Shard":"s1","TemplateVersion":"v1.0.0"}},"sensitive_attributes":[],"private":"eyJzY2hlbWFfdmVyc2lvbiI6IjEifQ==","create_before_destroy":true}]},{"module":"module.watcher","mode":"managed","type":"aws_iam_role","name":"watcher_func_role","provider":"provider[\"registry.opentofu.org/hashicorp/aws\"]","instances":[{"schema_version":0,"attributes":{"arn":"arn:aws:iam::891377357651:role/dbi-1-watcher-role","assume_role_policy":"{\"Statement\":[{\"Action\":\"sts:AssumeRole\",\"Effect\":\"Allow\",\"Principal\":{\"Service\":\"lambda.amazonaws.com\"}}],\"Version\":\"2012-10-17\"}","create_date":"2025-12-15T16:56:27Z","description":"","force_detach_policies":false,"id":"dbi-1-watcher-role","inline_policy":[{"name":"dbi-1-watcher-lambda_policy","policy":"{\"Version\":\"2012-10-17\",\"Statement\":[{\"Action\":[\"sns:Publish\",\"elasticloadbalancing:RegisterTargets\",\"elasticloadbalancing:DeregisterTargets\"],\"Effect\":\"Allow\",\"Resource\":[\"arn:aws:sns:us-east-1:891377357651:dbi-1-watcher-sns-topic\",\"arn:aws:elasticloadbalancing:us-east-1:891377357651:targetgroup/dbi-1-inbound-inbound-tg/2d410dc470abd22d\"]},{\"Action\":[\"logs:CreateLogGroup\",\"logs:CreateLogStream\",\"logs:PutLogEvents\"],\"Effect\":\"Allow\",\"Resource\":\"arn:aws:logs:*\"},{\"Action\":[\"sns:Publish\",\"elasticloadbalancing:DescribeTargetHealth\",\"elasticloadbalancing:DescribeTargetGroups\"],\"Effect\":\"Allow\",\"Resource\":\"*\"},{\"Action\":[\"ec2:CreateNetworkInterface\",\"ec2:DescribeNetworkInterfaces\",\"ec2:DeleteNetworkInterface\",\"ec2:AssignPrivateIpAddresses\",\"ec2:UnassignPrivateIpAddresses\"],\"Effect\":\"Allow\",\"Resource\":[\"*\"]}]}"}],"managed_policy_arns":["arn:aws:iam::aws:policy/service-role/AWSLambdaBasicExecutionRole"],"max_session_duration":3600,"name":"dbi-1-watcher-role","name_prefix":"","path":"/","permissions_boundary":"","tags":{},"tags_all":{"AZID":"use1-az1","AccountID":"2000","App":"springtail-apps","DatabaseInstanceID":"1","Environment":"example","ManagedBy":"OpenTofu","OrganizationID":"1000","Region":"us-east-1","Shard":"s1","TemplateVersion":"v1.0.0"},"unique_id":"AROA47CR3CNJX5O6ZFCVA"},"sensitive_attributes":[],"private":"bnVsbA=="}]},{"module":"module.watcher","mode":"managed","type":"aws_iam_role_policy","name":"lambda_policy","provider":"provider[\"registry.opentofu.org/hashicorp/aws\"]","instances":[{"schema_version":0,"attributes":{"id":"dbi-1-watcher-role:dbi-1-watcher-lambda_policy","name":"dbi-1-watcher-lambda_policy","name_prefix":"","policy":"{\"Version\":\"2012-10-17\",\"Statement\":[{\"Action\":[\"sns:Publish\",\"elasticloadbalancing:RegisterTargets\",\"elasticloadbalancing:DeregisterTargets\"],\"Effect\":\"Allow\",\"Resource\":[\"arn:aws:sns:us-east-1:891377357651:dbi-1-watcher-sns-topic\",\"arn:aws:elasticloadbalancing:us-east-1:891377357651:targetgroup/dbi-1-inbound-inbound-tg/2d410dc470abd22d\"]},{\"Action\":[\"logs:CreateLogGroup\",\"logs:CreateLogStream\",\"logs:PutLogEvents\"],\"Effect\":\"Allow\",\"Resource\":\"arn:aws:logs:*\"},{\"Action\":[\"sns:Publish\",\"elasticloadbalancing:DescribeTargetHealth\",\"elasticloadbalancing:DescribeTargetGroups\"],\"Effect\":\"Allow\",\"Resource\":\"*\"},{\"Action\":[\"ec2:CreateNetworkInterface\",\"ec2:DescribeNetworkInterfaces\",\"ec2:DeleteNetworkInterface\",\"ec2:AssignPrivateIpAddresses\",\"ec2:UnassignPrivateIpAddresses\"],\"Effect\":\"Allow\",\"Resource\":[\"*\"]}]}","role":"dbi-1-watcher-role"},"sensitive_attributes":[],"private":"bnVsbA==","dependencies":["module.inbound_vpc_endpoint_service_nlb.aws_lb_target_group.nlb_tg","module.transit_vpc.aws_vpc.transit_vpc","module.watcher.aws_iam_role.watcher_func_role","module.watcher.aws_sns_topic.dbi_sns_topic"]}]},{"module":"module.watcher","mode":"managed","type":"aws_iam_role_policy_attachment","name":"watcher_func_policy_attachment","provider":"provider[\"registry.opentofu.org/hashicorp/aws\"]","instances":[{"schema_version":0,"attributes":{"id":"dbi-1-watcher-role/arn:aws:iam::aws:policy/service-role/AWSLambdaBasicExecutionRole","policy_arn":"arn:aws:iam::aws:policy/service-role/AWSLambdaBasicExecutionRole","role":"dbi-1-watcher-role"},"sensitive_attributes":[],"private":"bnVsbA==","dependencies":["module.watcher.aws_iam_role.watcher_func_role"]}]},{"module":"module.watcher","mode":"managed","type":"aws_sns_topic","name":"dbi_sns_topic","provider":"provider[\"registry.opentofu.org/hashicorp/aws\"]","instances":[{"schema_version":0,"attributes":{"application_failure_feedback_role_arn":"","application_success_feedback_role_arn":"","application_success_feedback_sample_rate":0,"archive_policy":"","arn":"arn:aws:sns:us-east-1:891377357651:dbi-1-watcher-sns-topic","beginning_archive_time":"","content_based_deduplication":false,"delivery_policy":"","display_name":"","fifo_throughput_scope":"","fifo_topic":false,"firehose_failure_feedback_role_arn":"","firehose_success_feedback_role_arn":"","firehose_success_feedback_sample_rate":0,"http_failure_feedback_role_arn":"","http_success_feedback_role_arn":"","http_success_feedback_sample_rate":0,"id":"arn:aws:sns:us-east-1:891377357651:dbi-1-watcher-sns-topic","kms_master_key_id":"","lambda_failure_feedback_role_arn":"","lambda_success_feedback_role_arn":"","lambda_success_feedback_sample_rate":0,"name":"dbi-1-watcher-sns-topic","name_prefix":"","owner":"891377357651","policy":"{\"Id\":\"__default_policy_ID\",\"Statement\":[{\"Action\":[\"SNS:GetTopicAttributes\",\"SNS:SetTopicAttributes\",\"SNS:AddPermission\",\"SNS:RemovePermission\",\"SNS:DeleteTopic\",\"SNS:Subscribe\",\"SNS:ListSubscriptionsByTopic\",\"SNS:Publish\"],\"Condition\":{\"StringEquals\":{\"AWS:SourceOwner\":\"891377357651\"}},\"Effect\":\"Allow\",\"Principal\":{\"AWS\":\"*\"},\"Resource\":\"arn:aws:sns:us-east-1:891377357651:dbi-1-watcher-sns-topic\",\"Sid\":\"__default_statement_ID\"}],\"Version\":\"2008-10-17\"}","region":"us-east-1","signature_version":0,"sqs_failure_feedback_role_arn":"","sqs_success_feedback_role_arn":"","sqs_success_feedback_sample_rate":0,"tags":{},"tags_all":{"AZID":"use1-az1","AccountID":"2000","App":"springtail-apps","DatabaseInstanceID":"1","Environment":"example","ManagedBy":"OpenTofu","OrganizationID":"1000","Region":"us-east-1","Shard":"s1","TemplateVersion":"v1.0.0"},"tracing_config":""},"sensitive_attributes":[],"private":"bnVsbA==","create_before_destroy":true}]}],"check_results":null}
